{
    "name": "my-honest-app",
    "version": "0.0.0",
    "lockfileVersion": 3,
    "requires": true,
    "packages": {
        "": {
            "name": "my-honest-app",
            "version": "0.0.0",
            "license": "MIT",
            "dependencies": {
                "@secretarium/connector": "^0.12.4"
            },
            "devDependencies": {
                "@klave/sdk": "0.13.0",
                "as-base64": "0.2.0",
                "assemblyscript": "^0.25.2",
                "path-complete-extname": "1.0.0",
                "tslib": "^2.6.2",
                "visitor-as": "^0.11.4",
                "zod": "^3.22.4"
            }
        },
        "node_modules/@esbuild/aix-ppc64": {
            "version": "0.23.1",
            "resolved": "https://registry.npmjs.org/@esbuild/aix-ppc64/-/aix-ppc64-0.23.1.tgz",
            "integrity": "sha512-6VhYk1diRqrhBAqpJEdjASR/+WVRtfjpqKuNw11cLiaWpAT/Uu+nokB+UJnevzy/P9C/ty6AOe0dwueMrGh/iQ==",
            "cpu": [
                "ppc64"
            ],
            "dev": true,
            "license": "MIT",
            "optional": true,
            "os": [
                "aix"
            ],
            "peer": true,
            "engines": {
                "node": ">=18"
            }
        },
        "node_modules/@esbuild/android-arm": {
            "version": "0.23.1",
            "resolved": "https://registry.npmjs.org/@esbuild/android-arm/-/android-arm-0.23.1.tgz",
            "integrity": "sha512-uz6/tEy2IFm9RYOyvKl88zdzZfwEfKZmnX9Cj1BHjeSGNuGLuMD1kR8y5bteYmwqKm1tj8m4cb/aKEorr6fHWQ==",
            "cpu": [
                "arm"
            ],
            "dev": true,
            "license": "MIT",
            "optional": true,
            "os": [
                "android"
            ],
            "peer": true,
            "engines": {
                "node": ">=18"
            }
        },
        "node_modules/@esbuild/android-arm64": {
            "version": "0.23.1",
            "resolved": "https://registry.npmjs.org/@esbuild/android-arm64/-/android-arm64-0.23.1.tgz",
            "integrity": "sha512-xw50ipykXcLstLeWH7WRdQuysJqejuAGPd30vd1i5zSyKK3WE+ijzHmLKxdiCMtH1pHz78rOg0BKSYOSB/2Khw==",
            "cpu": [
                "arm64"
            ],
            "dev": true,
            "license": "MIT",
            "optional": true,
            "os": [
                "android"
            ],
            "peer": true,
            "engines": {
                "node": ">=18"
            }
        },
        "node_modules/@esbuild/android-x64": {
            "version": "0.23.1",
            "resolved": "https://registry.npmjs.org/@esbuild/android-x64/-/android-x64-0.23.1.tgz",
            "integrity": "sha512-nlN9B69St9BwUoB+jkyU090bru8L0NA3yFvAd7k8dNsVH8bi9a8cUAUSEcEEgTp2z3dbEDGJGfP6VUnkQnlReg==",
            "cpu": [
                "x64"
            ],
            "dev": true,
            "license": "MIT",
            "optional": true,
            "os": [
                "android"
            ],
            "peer": true,
            "engines": {
                "node": ">=18"
            }
        },
        "node_modules/@esbuild/darwin-arm64": {
            "version": "0.23.1",
            "resolved": "https://registry.npmjs.org/@esbuild/darwin-arm64/-/darwin-arm64-0.23.1.tgz",
            "integrity": "sha512-YsS2e3Wtgnw7Wq53XXBLcV6JhRsEq8hkfg91ESVadIrzr9wO6jJDMZnCQbHm1Guc5t/CdDiFSSfWP58FNuvT3Q==",
            "cpu": [
                "arm64"
            ],
            "dev": true,
            "license": "MIT",
            "optional": true,
            "os": [
                "darwin"
            ],
            "peer": true,
            "engines": {
                "node": ">=18"
            }
        },
        "node_modules/@esbuild/darwin-x64": {
            "version": "0.23.1",
            "resolved": "https://registry.npmjs.org/@esbuild/darwin-x64/-/darwin-x64-0.23.1.tgz",
            "integrity": "sha512-aClqdgTDVPSEGgoCS8QDG37Gu8yc9lTHNAQlsztQ6ENetKEO//b8y31MMu2ZaPbn4kVsIABzVLXYLhCGekGDqw==",
            "cpu": [
                "x64"
            ],
            "dev": true,
            "license": "MIT",
            "optional": true,
            "os": [
                "darwin"
            ],
            "peer": true,
            "engines": {
                "node": ">=18"
            }
        },
        "node_modules/@esbuild/freebsd-arm64": {
            "version": "0.23.1",
            "resolved": "https://registry.npmjs.org/@esbuild/freebsd-arm64/-/freebsd-arm64-0.23.1.tgz",
            "integrity": "sha512-h1k6yS8/pN/NHlMl5+v4XPfikhJulk4G+tKGFIOwURBSFzE8bixw1ebjluLOjfwtLqY0kewfjLSrO6tN2MgIhA==",
            "cpu": [
                "arm64"
            ],
            "dev": true,
            "license": "MIT",
            "optional": true,
            "os": [
                "freebsd"
            ],
            "peer": true,
            "engines": {
                "node": ">=18"
            }
        },
        "node_modules/@esbuild/freebsd-x64": {
            "version": "0.23.1",
            "resolved": "https://registry.npmjs.org/@esbuild/freebsd-x64/-/freebsd-x64-0.23.1.tgz",
            "integrity": "sha512-lK1eJeyk1ZX8UklqFd/3A60UuZ/6UVfGT2LuGo3Wp4/z7eRTRYY+0xOu2kpClP+vMTi9wKOfXi2vjUpO1Ro76g==",
            "cpu": [
                "x64"
            ],
            "dev": true,
            "license": "MIT",
            "optional": true,
            "os": [
                "freebsd"
            ],
            "peer": true,
            "engines": {
                "node": ">=18"
            }
        },
        "node_modules/@esbuild/linux-arm": {
            "version": "0.23.1",
            "resolved": "https://registry.npmjs.org/@esbuild/linux-arm/-/linux-arm-0.23.1.tgz",
            "integrity": "sha512-CXXkzgn+dXAPs3WBwE+Kvnrf4WECwBdfjfeYHpMeVxWE0EceB6vhWGShs6wi0IYEqMSIzdOF1XjQ/Mkm5d7ZdQ==",
            "cpu": [
                "arm"
            ],
            "dev": true,
            "license": "MIT",
            "optional": true,
            "os": [
                "linux"
            ],
            "peer": true,
            "engines": {
                "node": ">=18"
            }
        },
        "node_modules/@esbuild/linux-arm64": {
            "version": "0.23.1",
            "resolved": "https://registry.npmjs.org/@esbuild/linux-arm64/-/linux-arm64-0.23.1.tgz",
            "integrity": "sha512-/93bf2yxencYDnItMYV/v116zff6UyTjo4EtEQjUBeGiVpMmffDNUyD9UN2zV+V3LRV3/on4xdZ26NKzn6754g==",
            "cpu": [
                "arm64"
            ],
            "dev": true,
            "license": "MIT",
            "optional": true,
            "os": [
                "linux"
            ],
            "peer": true,
            "engines": {
                "node": ">=18"
            }
        },
        "node_modules/@esbuild/linux-ia32": {
            "version": "0.23.1",
            "resolved": "https://registry.npmjs.org/@esbuild/linux-ia32/-/linux-ia32-0.23.1.tgz",
            "integrity": "sha512-VTN4EuOHwXEkXzX5nTvVY4s7E/Krz7COC8xkftbbKRYAl96vPiUssGkeMELQMOnLOJ8k3BY1+ZY52tttZnHcXQ==",
            "cpu": [
                "ia32"
            ],
            "dev": true,
            "license": "MIT",
            "optional": true,
            "os": [
                "linux"
            ],
            "peer": true,
            "engines": {
                "node": ">=18"
            }
        },
        "node_modules/@esbuild/linux-loong64": {
            "version": "0.23.1",
            "resolved": "https://registry.npmjs.org/@esbuild/linux-loong64/-/linux-loong64-0.23.1.tgz",
            "integrity": "sha512-Vx09LzEoBa5zDnieH8LSMRToj7ir/Jeq0Gu6qJ/1GcBq9GkfoEAoXvLiW1U9J1qE/Y/Oyaq33w5p2ZWrNNHNEw==",
            "cpu": [
                "loong64"
            ],
            "dev": true,
            "license": "MIT",
            "optional": true,
            "os": [
                "linux"
            ],
            "peer": true,
            "engines": {
                "node": ">=18"
            }
        },
        "node_modules/@esbuild/linux-mips64el": {
            "version": "0.23.1",
            "resolved": "https://registry.npmjs.org/@esbuild/linux-mips64el/-/linux-mips64el-0.23.1.tgz",
            "integrity": "sha512-nrFzzMQ7W4WRLNUOU5dlWAqa6yVeI0P78WKGUo7lg2HShq/yx+UYkeNSE0SSfSure0SqgnsxPvmAUu/vu0E+3Q==",
            "cpu": [
                "mips64el"
            ],
            "dev": true,
            "license": "MIT",
            "optional": true,
            "os": [
                "linux"
            ],
            "peer": true,
            "engines": {
                "node": ">=18"
            }
        },
        "node_modules/@esbuild/linux-ppc64": {
            "version": "0.23.1",
            "resolved": "https://registry.npmjs.org/@esbuild/linux-ppc64/-/linux-ppc64-0.23.1.tgz",
            "integrity": "sha512-dKN8fgVqd0vUIjxuJI6P/9SSSe/mB9rvA98CSH2sJnlZ/OCZWO1DJvxj8jvKTfYUdGfcq2dDxoKaC6bHuTlgcw==",
            "cpu": [
                "ppc64"
            ],
            "dev": true,
            "license": "MIT",
            "optional": true,
            "os": [
                "linux"
            ],
            "peer": true,
            "engines": {
                "node": ">=18"
            }
        },
        "node_modules/@esbuild/linux-riscv64": {
            "version": "0.23.1",
            "resolved": "https://registry.npmjs.org/@esbuild/linux-riscv64/-/linux-riscv64-0.23.1.tgz",
            "integrity": "sha512-5AV4Pzp80fhHL83JM6LoA6pTQVWgB1HovMBsLQ9OZWLDqVY8MVobBXNSmAJi//Csh6tcY7e7Lny2Hg1tElMjIA==",
            "cpu": [
                "riscv64"
            ],
            "dev": true,
            "license": "MIT",
            "optional": true,
            "os": [
                "linux"
            ],
            "peer": true,
            "engines": {
                "node": ">=18"
            }
        },
        "node_modules/@esbuild/linux-s390x": {
            "version": "0.23.1",
            "resolved": "https://registry.npmjs.org/@esbuild/linux-s390x/-/linux-s390x-0.23.1.tgz",
            "integrity": "sha512-9ygs73tuFCe6f6m/Tb+9LtYxWR4c9yg7zjt2cYkjDbDpV/xVn+68cQxMXCjUpYwEkze2RcU/rMnfIXNRFmSoDw==",
            "cpu": [
                "s390x"
            ],
            "dev": true,
            "license": "MIT",
            "optional": true,
            "os": [
                "linux"
            ],
            "peer": true,
            "engines": {
                "node": ">=18"
            }
        },
        "node_modules/@esbuild/linux-x64": {
            "version": "0.23.1",
            "resolved": "https://registry.npmjs.org/@esbuild/linux-x64/-/linux-x64-0.23.1.tgz",
            "integrity": "sha512-EV6+ovTsEXCPAp58g2dD68LxoP/wK5pRvgy0J/HxPGB009omFPv3Yet0HiaqvrIrgPTBuC6wCH1LTOY91EO5hQ==",
            "cpu": [
                "x64"
            ],
            "dev": true,
            "license": "MIT",
            "optional": true,
            "os": [
                "linux"
            ],
            "peer": true,
            "engines": {
                "node": ">=18"
            }
        },
        "node_modules/@esbuild/netbsd-x64": {
            "version": "0.23.1",
            "resolved": "https://registry.npmjs.org/@esbuild/netbsd-x64/-/netbsd-x64-0.23.1.tgz",
            "integrity": "sha512-aevEkCNu7KlPRpYLjwmdcuNz6bDFiE7Z8XC4CPqExjTvrHugh28QzUXVOZtiYghciKUacNktqxdpymplil1beA==",
            "cpu": [
                "x64"
            ],
            "dev": true,
            "license": "MIT",
            "optional": true,
            "os": [
                "netbsd"
            ],
            "peer": true,
            "engines": {
                "node": ">=18"
            }
        },
        "node_modules/@esbuild/openbsd-arm64": {
            "version": "0.23.1",
            "resolved": "https://registry.npmjs.org/@esbuild/openbsd-arm64/-/openbsd-arm64-0.23.1.tgz",
            "integrity": "sha512-3x37szhLexNA4bXhLrCC/LImN/YtWis6WXr1VESlfVtVeoFJBRINPJ3f0a/6LV8zpikqoUg4hyXw0sFBt5Cr+Q==",
            "cpu": [
                "arm64"
            ],
            "dev": true,
            "license": "MIT",
            "optional": true,
            "os": [
                "openbsd"
            ],
            "peer": true,
            "engines": {
                "node": ">=18"
            }
        },
        "node_modules/@esbuild/openbsd-x64": {
            "version": "0.23.1",
            "resolved": "https://registry.npmjs.org/@esbuild/openbsd-x64/-/openbsd-x64-0.23.1.tgz",
            "integrity": "sha512-aY2gMmKmPhxfU+0EdnN+XNtGbjfQgwZj43k8G3fyrDM/UdZww6xrWxmDkuz2eCZchqVeABjV5BpildOrUbBTqA==",
            "cpu": [
                "x64"
            ],
            "dev": true,
            "license": "MIT",
            "optional": true,
            "os": [
                "openbsd"
            ],
            "peer": true,
            "engines": {
                "node": ">=18"
            }
        },
        "node_modules/@esbuild/sunos-x64": {
            "version": "0.23.1",
            "resolved": "https://registry.npmjs.org/@esbuild/sunos-x64/-/sunos-x64-0.23.1.tgz",
            "integrity": "sha512-RBRT2gqEl0IKQABT4XTj78tpk9v7ehp+mazn2HbUeZl1YMdaGAQqhapjGTCe7uw7y0frDi4gS0uHzhvpFuI1sA==",
            "cpu": [
                "x64"
            ],
            "dev": true,
            "license": "MIT",
            "optional": true,
            "os": [
                "sunos"
            ],
            "peer": true,
            "engines": {
                "node": ">=18"
            }
        },
        "node_modules/@esbuild/win32-arm64": {
            "version": "0.23.1",
            "resolved": "https://registry.npmjs.org/@esbuild/win32-arm64/-/win32-arm64-0.23.1.tgz",
            "integrity": "sha512-4O+gPR5rEBe2FpKOVyiJ7wNDPA8nGzDuJ6gN4okSA1gEOYZ67N8JPk58tkWtdtPeLz7lBnY6I5L3jdsr3S+A6A==",
            "cpu": [
                "arm64"
            ],
            "dev": true,
            "license": "MIT",
            "optional": true,
            "os": [
                "win32"
            ],
            "peer": true,
            "engines": {
                "node": ">=18"
            }
        },
        "node_modules/@esbuild/win32-ia32": {
            "version": "0.23.1",
            "resolved": "https://registry.npmjs.org/@esbuild/win32-ia32/-/win32-ia32-0.23.1.tgz",
            "integrity": "sha512-BcaL0Vn6QwCwre3Y717nVHZbAa4UBEigzFm6VdsVdT/MbZ38xoj1X9HPkZhbmaBGUD1W8vxAfffbDe8bA6AKnQ==",
            "cpu": [
                "ia32"
            ],
            "dev": true,
            "license": "MIT",
            "optional": true,
            "os": [
                "win32"
            ],
            "peer": true,
            "engines": {
                "node": ">=18"
            }
        },
        "node_modules/@esbuild/win32-x64": {
            "version": "0.23.1",
            "resolved": "https://registry.npmjs.org/@esbuild/win32-x64/-/win32-x64-0.23.1.tgz",
            "integrity": "sha512-BHpFFeslkWrXWyUPnbKm+xYYVYruCinGcftSBaa8zoF9hZO4BcSCFUvHVTtzpIY6YzUnYtuEhZ+C9iEXjxnasg==",
            "cpu": [
                "x64"
            ],
            "dev": true,
            "license": "MIT",
            "optional": true,
            "os": [
                "win32"
            ],
            "peer": true,
            "engines": {
                "node": ">=18"
            }
        },
        "node_modules/@klave/as-json": {
            "version": "0.9.21",
            "resolved": "https://registry.npmjs.org/@klave/as-json/-/as-json-0.9.21.tgz",
            "integrity": "sha512-bdI6ixZF2u2YaYFCzl+iUJVMbQde9XNtlzl5TiHDPxA+LRNHPstqNtpkhZDg/2/igjmCoRAr/uKnJXMEysGuOA==",
            "dev": true,
            "license": "MIT",
            "dependencies": {
                "as-virtual": "^0.2.0"
            }
        },
        "node_modules/@klave/compiler": {
            "version": "0.5.0",
            "resolved": "https://registry.npmjs.org/@klave/compiler/-/compiler-0.5.0.tgz",
            "integrity": "sha512-nLxjk8pEybH2Vh9GbgUkfXBf7rJFqEUm1sl1wcRwDZqZk4b78ukLdYTQU+X6kRzLL4CQFsKr5ezCznHul/srPg==",
            "dev": true,
            "license": "MIT",
            "dependencies": {
                "@klave/as-json": "^0.8.2",
                "@total-typescript/ts-reset": "^0.5.1",
                "assemblyscript": "^0.27.27",
                "serialize-error": "8.1.0",
                "tslib": "^2.6.2",
                "typescript": "^5.4.4",
                "uuid": "^9.0.1"
            }
        },
        "node_modules/@klave/compiler/node_modules/@klave/as-json": {
            "version": "0.8.2",
            "resolved": "https://registry.npmjs.org/@klave/as-json/-/as-json-0.8.2.tgz",
            "integrity": "sha512-2eX1fINBlljOT7GO9Xe5D4XbhQ4OedPyi2+16vg0v7TV5Qar2/CUVGKMHj+YOqR5NpKil5Y30Y9gDBtyIxpK9A==",
            "dev": true,
            "license": "MIT",
            "dependencies": {
                "as-string-sink": "^0.5.3",
                "as-variant": "^0.4.1",
                "as-virtual": "^0.1.9"
            }
        },
        "node_modules/@klave/compiler/node_modules/as-virtual": {
            "version": "0.1.9",
            "resolved": "https://registry.npmjs.org/as-virtual/-/as-virtual-0.1.9.tgz",
            "integrity": "sha512-R1nR7TT0KcROL/TxSXmiX2Q+7CgUMrjT/y9IP07StStqWs32KT2mpadJNF//yHWRaIJWe6atqTqO0JzsdhkPcQ==",
            "dev": true,
            "license": "MIT"
        },
        "node_modules/@klave/compiler/node_modules/assemblyscript": {
            "version": "0.27.31",
            "resolved": "https://registry.npmjs.org/assemblyscript/-/assemblyscript-0.27.31.tgz",
            "integrity": "sha512-Ra8kiGhgJQGZcBxjtMcyVRxOEJZX64kd+XGpjWzjcjgxWJVv+CAQO0aDBk4GQVhjYbOkATarC83mHjAVGtwPBQ==",
            "dev": true,
            "license": "Apache-2.0",
            "dependencies": {
                "binaryen": "116.0.0-nightly.20240114",
                "long": "^5.2.1"
            },
            "bin": {
                "asc": "bin/asc.js",
                "asinit": "bin/asinit.js"
            },
            "engines": {
                "node": ">=16",
                "npm": ">=7"
            },
            "funding": {
                "type": "opencollective",
                "url": "https://opencollective.com/assemblyscript"
            }
        },
        "node_modules/@klave/compiler/node_modules/binaryen": {
            "version": "116.0.0-nightly.20240114",
            "resolved": "https://registry.npmjs.org/binaryen/-/binaryen-116.0.0-nightly.20240114.tgz",
            "integrity": "sha512-0GZrojJnuhoe+hiwji7QFaL3tBlJoA+KFUN7ouYSDGZLSo9CKM8swQX8n/UcbR0d1VuZKU+nhogNzv423JEu5A==",
            "dev": true,
            "license": "Apache-2.0",
            "bin": {
                "wasm-opt": "bin/wasm-opt",
                "wasm2js": "bin/wasm2js"
            }
        },
        "node_modules/@klave/sdk": {
            "version": "0.13.0",
            "resolved": "https://registry.npmjs.org/@klave/sdk/-/sdk-0.13.0.tgz",
            "integrity": "sha512-9qeWhm6t8shrTLcTxgKex2NDfdc+wJGlUfiOr3x202z+kvMYypuGNN+x6/taUW5IwSToPhtfXoYnqVuN+HOGrA==",
            "dev": true,
            "license": "MIT",
            "dependencies": {
                "@klave/as-json": "0.9.21",
                "@klave/compiler": "0.5.0",
                "as-base64": "0.2.0",
                "chalk": "^4.0.0",
                "esbuild-node-externals": "1.14.0",
                "fs-extra": "^11.2.0",
                "path-complete-extname": "1.0.0",
                "zod": "3.23.8"
            },
            "bin": {
                "stac": "bin/stac.js"
            }
        },
        "node_modules/@secretarium/connector": {
            "version": "0.12.4",
            "resolved": "https://registry.npmjs.org/@secretarium/connector/-/connector-0.12.4.tgz",
            "integrity": "sha512-ziEp9wr8d9WVDZzr1+G/Y7YgYr6jA+8JOVshWdjW0EF+m3g3bP85HqxAB7l3BOp7jT1i19YPQ5y3kvrCePFLyQ==",
            "hasInstallScript": true,
            "license": "MIT",
            "dependencies": {
                "@secretarium/crypto": "0.1.0",
                "js-base64": "3.7.2",
                "tslib": "2.3.1"
            },
            "peerDependencies": {
                "ws": "*"
            }
        },
        "node_modules/@secretarium/connector/node_modules/tslib": {
            "version": "2.3.1",
            "resolved": "https://registry.npmjs.org/tslib/-/tslib-2.3.1.tgz",
            "integrity": "sha512-77EbyPPpMz+FRFRuAFlWMtmgUWGe9UOG2Z25NqCwiIjRhOf5iKGuzSe5P2w1laq+FkRy4p+PCuVkJSGkzTEKVw==",
            "license": "0BSD"
        },
        "node_modules/@secretarium/crypto": {
            "version": "0.1.0",
            "resolved": "https://registry.npmjs.org/@secretarium/crypto/-/crypto-0.1.0.tgz",
            "integrity": "sha512-d7dV8yfyoWaI2PPhYXgWWcsdDFupl+P51uaOi4ONrqHBUummtNjNB18kN1+sSlDUVdRQFJS6XGCuRXnayr9t/w==",
            "dependencies": {
                "js-base64": "3.7.2"
            }
        },
        "node_modules/@total-typescript/ts-reset": {
            "version": "0.5.1",
            "resolved": "https://registry.npmjs.org/@total-typescript/ts-reset/-/ts-reset-0.5.1.tgz",
            "integrity": "sha512-AqlrT8YA1o7Ff5wPfMOL0pvL+1X+sw60NN6CcOCqs658emD6RfiXhF7Gu9QcfKBH7ELY2nInLhKSCWVoNL70MQ==",
            "dev": true,
            "license": "MIT"
        },
        "node_modules/ansi-styles": {
            "version": "4.3.0",
            "resolved": "https://registry.npmjs.org/ansi-styles/-/ansi-styles-4.3.0.tgz",
            "integrity": "sha512-zbB9rCJAT1rbjiVDb2hqKFHNYLxgtk8NURxZ3IZwD3F6NtxbXZQCnnSi1Lkx+IDohdPlFp222wVALIheZJQSEg==",
            "dev": true,
            "license": "MIT",
            "dependencies": {
                "color-convert": "^2.0.1"
            },
            "engines": {
                "node": ">=8"
            },
            "funding": {
                "url": "https://github.com/chalk/ansi-styles?sponsor=1"
            }
        },
        "node_modules/as-base64": {
            "version": "0.2.0",
            "resolved": "https://registry.npmjs.org/as-base64/-/as-base64-0.2.0.tgz",
            "integrity": "sha512-j6JxprAVN4SXUcZiSChuMBf0JJOCdh5OfrHAepluxmFWuDZZm+YjmfNSk8djUHRPEB+Ui5HGvrz46GLvTJf3ig==",
            "dev": true,
            "license": "MIT"
        },
        "node_modules/as-string-sink": {
            "version": "0.5.3",
            "resolved": "https://registry.npmjs.org/as-string-sink/-/as-string-sink-0.5.3.tgz",
            "integrity": "sha512-DN/QqfptDhi4FaBqehMN9wH5Dl/PcTSfCfzSmcdtf3OVYYIEip5iyVUcS6t40BAP/OoUwtxCCbD/dlr2kVG+3Q==",
            "dev": true
        },
        "node_modules/as-variant": {
            "version": "0.4.1",
            "resolved": "https://registry.npmjs.org/as-variant/-/as-variant-0.4.1.tgz",
            "integrity": "sha512-NCeerOfp1JRXRcT4WCqOBANPoDTE2zqS4eN+jPtdyNWJybUgG/rX9ugUxICkSQZzCfnG84zzxr3osQbjAkyiww==",
            "dev": true
        },
        "node_modules/as-virtual": {
            "version": "0.2.0",
            "resolved": "https://registry.npmjs.org/as-virtual/-/as-virtual-0.2.0.tgz",
            "integrity": "sha512-zI+8VwD6BPUtXrxs4R7v2N+59OAIBRwiiv9nGIMwcQ/w/lspyaualMqM7yok3jMRglKqLkfOx+dCJimeflEJcA==",
            "dev": true,
            "license": "MIT"
        },
        "node_modules/assemblyscript": {
            "version": "0.25.2",
            "resolved": "https://registry.npmjs.org/assemblyscript/-/assemblyscript-0.25.2.tgz",
            "integrity": "sha512-67TQOMvKo23htvSK6lhOzsoQjnplNKkdwgq925uBvQZLDbg9pHfAWhg/R8i8tqKrtk6GH8haOJbQY4oNSQqehA==",
            "dev": true,
            "license": "Apache-2.0",
            "dependencies": {
                "binaryen": "110.0.0-nightly.20221105",
                "long": "^5.2.0"
            },
            "bin": {
                "asc": "bin/asc.js",
                "asinit": "bin/asinit.js"
            },
            "engines": {
                "node": ">=16.0.0",
                "npm": ">=7.0.0"
            },
            "funding": {
                "type": "opencollective",
                "url": "https://opencollective.com/assemblyscript"
            }
        },
        "node_modules/binaryen": {
            "version": "110.0.0-nightly.20221105",
            "resolved": "https://registry.npmjs.org/binaryen/-/binaryen-110.0.0-nightly.20221105.tgz",
            "integrity": "sha512-OBESOc51q3SwgG8Uv8nMzGnSq7LJpSB/Fu8B3AjlZg6YtCEwRnlDWlnwNB6mdql+VdexfKmNcsrs4K7MYidmdQ==",
            "dev": true,
            "license": "Apache-2.0",
            "bin": {
                "wasm-opt": "bin/wasm-opt",
                "wasm2js": "bin/wasm2js"
            }
        },
        "node_modules/chalk": {
            "version": "4.1.2",
            "resolved": "https://registry.npmjs.org/chalk/-/chalk-4.1.2.tgz",
            "integrity": "sha512-oKnbhFyRIXpUuez8iBMmyEa4nbj4IOQyuhc/wy9kY7/WVPcwIO9VA668Pu8RkO7+0G76SLROeyw9CpQ061i4mA==",
            "dev": true,
            "license": "MIT",
            "dependencies": {
                "ansi-styles": "^4.1.0",
                "supports-color": "^7.1.0"
            },
            "engines": {
                "node": ">=10"
            },
            "funding": {
                "url": "https://github.com/chalk/chalk?sponsor=1"
            }
        },
        "node_modules/color-convert": {
            "version": "2.0.1",
            "resolved": "https://registry.npmjs.org/color-convert/-/color-convert-2.0.1.tgz",
            "integrity": "sha512-RRECPsj7iu/xb5oKYcsFHSppFNnsj/52OVTRKb4zP5onXwVF3zVmmToNcOfGC+CRDpfK/U584fMg38ZHCaElKQ==",
            "dev": true,
            "license": "MIT",
            "dependencies": {
                "color-name": "~1.1.4"
            },
            "engines": {
                "node": ">=7.0.0"
            }
        },
        "node_modules/color-name": {
            "version": "1.1.4",
            "resolved": "https://registry.npmjs.org/color-name/-/color-name-1.1.4.tgz",
            "integrity": "sha512-dOy+3AuW3a2wNbZHIuMZpTcgjGuLU/uBL/ubcZF9OXbDo8ff4O8yVp5Bf0efS8uEoYo5q4Fx7dY9OgQGXgAsQA==",
            "dev": true,
            "license": "MIT"
        },
        "node_modules/esbuild": {
            "version": "0.23.1",
            "resolved": "https://registry.npmjs.org/esbuild/-/esbuild-0.23.1.tgz",
            "integrity": "sha512-VVNz/9Sa0bs5SELtn3f7qhJCDPCF5oMEl5cO9/SSinpE9hbPVvxbd572HH5AKiP7WD8INO53GgfDDhRjkylHEg==",
            "dev": true,
            "hasInstallScript": true,
            "license": "MIT",
            "peer": true,
            "bin": {
                "esbuild": "bin/esbuild"
            },
            "engines": {
                "node": ">=18"
            },
            "optionalDependencies": {
                "@esbuild/aix-ppc64": "0.23.1",
                "@esbuild/android-arm": "0.23.1",
                "@esbuild/android-arm64": "0.23.1",
                "@esbuild/android-x64": "0.23.1",
                "@esbuild/darwin-arm64": "0.23.1",
                "@esbuild/darwin-x64": "0.23.1",
                "@esbuild/freebsd-arm64": "0.23.1",
                "@esbuild/freebsd-x64": "0.23.1",
                "@esbuild/linux-arm": "0.23.1",
                "@esbuild/linux-arm64": "0.23.1",
                "@esbuild/linux-ia32": "0.23.1",
                "@esbuild/linux-loong64": "0.23.1",
                "@esbuild/linux-mips64el": "0.23.1",
                "@esbuild/linux-ppc64": "0.23.1",
                "@esbuild/linux-riscv64": "0.23.1",
                "@esbuild/linux-s390x": "0.23.1",
                "@esbuild/linux-x64": "0.23.1",
                "@esbuild/netbsd-x64": "0.23.1",
                "@esbuild/openbsd-arm64": "0.23.1",
                "@esbuild/openbsd-x64": "0.23.1",
                "@esbuild/sunos-x64": "0.23.1",
                "@esbuild/win32-arm64": "0.23.1",
                "@esbuild/win32-ia32": "0.23.1",
                "@esbuild/win32-x64": "0.23.1"
            }
        },
        "node_modules/esbuild-node-externals": {
            "version": "1.14.0",
            "resolved": "https://registry.npmjs.org/esbuild-node-externals/-/esbuild-node-externals-1.14.0.tgz",
            "integrity": "sha512-jMWnTlCII3cLEjR5+u0JRSTJuP+MgbjEHKfwSIAI41NgLQ0ZjfzjchlbEn0r7v2u5gCBMSEYvYlkO7GDG8gG3A==",
            "dev": true,
            "license": "MIT",
            "dependencies": {
                "find-up": "^5.0.0",
                "tslib": "^2.4.1"
            },
            "engines": {
                "node": ">=12"
            },
            "peerDependencies": {
                "esbuild": "0.12 - 0.23"
            }
        },
        "node_modules/find-up": {
            "version": "5.0.0",
            "resolved": "https://registry.npmjs.org/find-up/-/find-up-5.0.0.tgz",
            "integrity": "sha512-78/PXT1wlLLDgTzDs7sjq9hzz0vXD+zn+7wypEe4fXQxCmdmqfGsEPQxmiCSQI3ajFV91bVSsvNtrJRiW6nGng==",
            "dev": true,
            "license": "MIT",
            "dependencies": {
                "locate-path": "^6.0.0",
                "path-exists": "^4.0.0"
            },
            "engines": {
                "node": ">=10"
            },
            "funding": {
                "url": "https://github.com/sponsors/sindresorhus"
            }
        },
        "node_modules/fs-extra": {
            "version": "11.2.0",
            "resolved": "https://registry.npmjs.org/fs-extra/-/fs-extra-11.2.0.tgz",
            "integrity": "sha512-PmDi3uwK5nFuXh7XDTlVnS17xJS7vW36is2+w3xcv8SVxiB4NyATf4ctkVY5bkSjX0Y4nbvZCq1/EjtEyr9ktw==",
            "dev": true,
            "license": "MIT",
            "dependencies": {
                "graceful-fs": "^4.2.0",
                "jsonfile": "^6.0.1",
                "universalify": "^2.0.0"
            },
            "engines": {
                "node": ">=14.14"
            }
        },
        "node_modules/graceful-fs": {
            "version": "4.2.11",
            "resolved": "https://registry.npmjs.org/graceful-fs/-/graceful-fs-4.2.11.tgz",
            "integrity": "sha512-RbJ5/jmFcNNCcDV5o9eTnBLJ/HszWV0P73bc+Ff4nS/rJj+YaS6IGyiOL0VoBYX+l1Wrl3k63h/KrH+nhJ0XvQ==",
            "dev": true,
            "license": "ISC"
        },
        "node_modules/has-flag": {
            "version": "4.0.0",
            "resolved": "https://registry.npmjs.org/has-flag/-/has-flag-4.0.0.tgz",
            "integrity": "sha512-EykJT/Q1KjTWctppgIAgfSO0tKVuZUjhgMr17kqTumMl6Afv3EISleU7qZUzoXDFTAHTDC4NOoG/ZxU3EvlMPQ==",
            "dev": true,
            "license": "MIT",
            "engines": {
                "node": ">=8"
            }
        },
        "node_modules/js-base64": {
            "version": "3.7.2",
            "resolved": "https://registry.npmjs.org/js-base64/-/js-base64-3.7.2.tgz",
            "integrity": "sha512-NnRs6dsyqUXejqk/yv2aiXlAvOs56sLkX6nUdeaNezI5LFFLlsZjOThmwnrcwh5ZZRwZlCMnVAY3CvhIhoVEKQ==",
            "license": "BSD-3-Clause"
        },
        "node_modules/jsonfile": {
            "version": "6.1.0",
            "resolved": "https://registry.npmjs.org/jsonfile/-/jsonfile-6.1.0.tgz",
            "integrity": "sha512-5dgndWOriYSm5cnYaJNhalLNDKOqFwyDB/rr1E9ZsGciGvKPs8R2xYGCacuf3z6K1YKDz182fd+fY3cn3pMqXQ==",
            "dev": true,
            "license": "MIT",
            "dependencies": {
                "universalify": "^2.0.0"
            },
            "optionalDependencies": {
                "graceful-fs": "^4.1.6"
            }
        },
        "node_modules/locate-path": {
            "version": "6.0.0",
            "resolved": "https://registry.npmjs.org/locate-path/-/locate-path-6.0.0.tgz",
            "integrity": "sha512-iPZK6eYjbxRu3uB4/WZ3EsEIMJFMqAoopl3R+zuq0UjcAm/MO6KCweDgPfP3elTztoKP3KtnVHxTn2NHBSDVUw==",
            "dev": true,
            "license": "MIT",
            "dependencies": {
                "p-locate": "^5.0.0"
            },
            "engines": {
                "node": ">=10"
            },
            "funding": {
                "url": "https://github.com/sponsors/sindresorhus"
            }
        },
        "node_modules/lodash.clonedeep": {
            "version": "4.5.0",
            "resolved": "https://registry.npmjs.org/lodash.clonedeep/-/lodash.clonedeep-4.5.0.tgz",
            "integrity": "sha512-H5ZhCF25riFd9uB5UCkVKo61m3S/xZk1x4wA6yp/L3RFP6Z/eHH1ymQcGLo7J3GMPfm0V/7m1tryHuGVxpqEBQ==",
            "dev": true,
            "license": "MIT"
        },
        "node_modules/long": {
            "version": "5.2.3",
            "resolved": "https://registry.npmjs.org/long/-/long-5.2.3.tgz",
            "integrity": "sha512-lcHwpNoggQTObv5apGNCTdJrO69eHOZMi4BNC+rTLER8iHAqGrUVeLh/irVIM7zTw2bOXA8T6uNPeujwOLg/2Q==",
            "dev": true,
            "license": "Apache-2.0"
        },
        "node_modules/p-limit": {
            "version": "3.1.0",
            "resolved": "https://registry.npmjs.org/p-limit/-/p-limit-3.1.0.tgz",
            "integrity": "sha512-TYOanM3wGwNGsZN2cVTYPArw454xnXj5qmWF1bEoAc4+cU/ol7GVh7odevjp1FNHduHc3KZMcFduxU5Xc6uJRQ==",
            "dev": true,
            "license": "MIT",
            "dependencies": {
                "yocto-queue": "^0.1.0"
            },
            "engines": {
                "node": ">=10"
            },
            "funding": {
                "url": "https://github.com/sponsors/sindresorhus"
            }
        },
        "node_modules/p-locate": {
            "version": "5.0.0",
            "resolved": "https://registry.npmjs.org/p-locate/-/p-locate-5.0.0.tgz",
            "integrity": "sha512-LaNjtRWUBY++zB5nE/NwcaoMylSPk+S+ZHNB1TzdbMJMny6dynpAGt7X/tl/QYq3TIeE6nxHppbo2LGymrG5Pw==",
            "dev": true,
            "license": "MIT",
            "dependencies": {
                "p-limit": "^3.0.2"
            },
            "engines": {
                "node": ">=10"
            },
            "funding": {
                "url": "https://github.com/sponsors/sindresorhus"
            }
        },
        "node_modules/path-complete-extname": {
            "version": "1.0.0",
            "resolved": "https://registry.npmjs.org/path-complete-extname/-/path-complete-extname-1.0.0.tgz",
            "integrity": "sha512-CVjiWcMRdGU8ubs08YQVzhutOR5DEfO97ipRIlOGMK5Bek5nQySknBpuxVAVJ36hseTNs+vdIcv57ZrWxH7zvg==",
            "dev": true
        },
        "node_modules/path-exists": {
            "version": "4.0.0",
            "resolved": "https://registry.npmjs.org/path-exists/-/path-exists-4.0.0.tgz",
            "integrity": "sha512-ak9Qy5Q7jYb2Wwcey5Fpvg2KoAc/ZIhLSLOSBmRmygPsGwkVVt0fZa0qrtMz+m6tJTAHfZQ8FnmB4MG4LWy7/w==",
            "dev": true,
            "license": "MIT",
            "engines": {
                "node": ">=8"
            }
        },
        "node_modules/serialize-error": {
            "version": "8.1.0",
            "resolved": "https://registry.npmjs.org/serialize-error/-/serialize-error-8.1.0.tgz",
            "integrity": "sha512-3NnuWfM6vBYoy5gZFvHiYsVbafvI9vZv/+jlIigFn4oP4zjNPK3LhcY0xSCgeb1a5L8jO71Mit9LlNoi2UfDDQ==",
            "dev": true,
            "license": "MIT",
            "dependencies": {
                "type-fest": "^0.20.2"
            },
            "engines": {
                "node": ">=10"
            },
            "funding": {
                "url": "https://github.com/sponsors/sindresorhus"
            }
        },
        "node_modules/supports-color": {
            "version": "7.2.0",
            "resolved": "https://registry.npmjs.org/supports-color/-/supports-color-7.2.0.tgz",
            "integrity": "sha512-qpCAvRl9stuOHveKsn7HncJRvv501qIacKzQlO/+Lwxc9+0q2wLyv4Dfvt80/DPn2pqOBsJdDiogXGR9+OvwRw==",
            "dev": true,
            "license": "MIT",
            "dependencies": {
                "has-flag": "^4.0.0"
            },
            "engines": {
                "node": ">=8"
            }
        },
        "node_modules/ts-mixer": {
            "version": "6.0.4",
            "resolved": "https://registry.npmjs.org/ts-mixer/-/ts-mixer-6.0.4.tgz",
            "integrity": "sha512-ufKpbmrugz5Aou4wcr5Wc1UUFWOLhq+Fm6qa6P0w0K5Qw2yhaUoiWszhCVuNQyNwrlGiscHOmqYoAox1PtvgjA==",
            "dev": true,
            "license": "MIT"
        },
        "node_modules/tslib": {
            "version": "2.8.1",
            "resolved": "https://registry.npmjs.org/tslib/-/tslib-2.8.1.tgz",
            "integrity": "sha512-oJFu94HQb+KVduSUQL7wnpmqnfmLsOA/nAh6b6EH0wCEoK0/mPeXU6c3wKDV83MkOuHPRHtSXKKU99IBazS/2w==",
            "dev": true,
            "license": "0BSD"
        },
        "node_modules/type-fest": {
            "version": "0.20.2",
            "resolved": "https://registry.npmjs.org/type-fest/-/type-fest-0.20.2.tgz",
            "integrity": "sha512-Ne+eE4r0/iWnpAxD852z3A+N0Bt5RN//NjJwRd2VFHEmrywxf5vsZlh4R6lixl6B+wz/8d+maTSAkN1FIkI3LQ==",
            "dev": true,
            "license": "(MIT OR CC0-1.0)",
            "engines": {
                "node": ">=10"
            },
            "funding": {
                "url": "https://github.com/sponsors/sindresorhus"
            }
        },
        "node_modules/typescript": {
            "version": "5.6.3",
            "resolved": "https://registry.npmjs.org/typescript/-/typescript-5.6.3.tgz",
            "integrity": "sha512-hjcS1mhfuyi4WW8IWtjP7brDrG2cuDZukyrYrSauoXGNgx0S7zceP07adYkJycEr56BOUTNPzbInooiN3fn1qw==",
            "dev": true,
            "license": "Apache-2.0",
            "bin": {
                "tsc": "bin/tsc",
                "tsserver": "bin/tsserver"
            },
            "engines": {
                "node": ">=14.17"
            }
        },
        "node_modules/universalify": {
            "version": "2.0.1",
            "resolved": "https://registry.npmjs.org/universalify/-/universalify-2.0.1.tgz",
            "integrity": "sha512-gptHNQghINnc/vTGIk0SOFGFNXw7JVrlRUtConJRlvaw6DuX0wO5Jeko9sWrMBhh+PsYAZ7oXAiOnf/UKogyiw==",
            "dev": true,
            "license": "MIT",
            "engines": {
                "node": ">= 10.0.0"
            }
        },
        "node_modules/uuid": {
            "version": "9.0.1",
            "resolved": "https://registry.npmjs.org/uuid/-/uuid-9.0.1.tgz",
            "integrity": "sha512-b+1eJOlsR9K8HJpow9Ok3fiWOWSIcIzXodvv0rQjVoOVNpWMpxf1wZNpt4y9h10odCNrqnYp1OBzRktckBe3sA==",
            "dev": true,
            "funding": [
                "https://github.com/sponsors/broofa",
                "https://github.com/sponsors/ctavan"
            ],
            "license": "MIT",
            "bin": {
                "uuid": "dist/bin/uuid"
            }
        },
        "node_modules/visitor-as": {
            "version": "0.11.4",
            "resolved": "https://registry.npmjs.org/visitor-as/-/visitor-as-0.11.4.tgz",
            "integrity": "sha512-uih7AooY2V3LhzobjLqyEQzhYYBGeq0y/rZk295foM1Ko498f24NNXBDyM1SgzcLMFCAT/fpmSRco1BpTIdKNQ==",
            "dev": true,
            "license": "MIT",
            "dependencies": {
                "lodash.clonedeep": "^4.5.0",
                "ts-mixer": "^6.0.2"
            },
            "peerDependencies": {
                "assemblyscript": "^0.25.0"
            }
        },
        "node_modules/ws": {
            "version": "8.18.0",
            "resolved": "https://registry.npmjs.org/ws/-/ws-8.18.0.tgz",
            "integrity": "sha512-8VbfWfHLbbwu3+N6OKsOMpBdT4kXPDDB9cJk2bJ6mh9ucxdlnNvH1e+roYkKmN9Nxw2yjz7VzeO9oOz2zJ04Pw==",
            "license": "MIT",
            "peer": true,
            "engines": {
                "node": ">=10.0.0"
            },
            "peerDependencies": {
                "bufferutil": "^4.0.1",
                "utf-8-validate": ">=5.0.2"
            },
            "peerDependenciesMeta": {
                "bufferutil": {
                    "optional": true
                },
                "utf-8-validate": {
                    "optional": true
                }
            }
        },
        "node_modules/yocto-queue": {
            "version": "0.1.0",
            "resolved": "https://registry.npmjs.org/yocto-queue/-/yocto-queue-0.1.0.tgz",
            "integrity": "sha512-rVksvsnNCdJ/ohGc6xgPwyN8eheCxsiLM8mxuE/t/mOVqJewPuO1miLpTHQiRgTKCLexL4MeAFVagts7HmNZ2Q==",
            "dev": true,
            "license": "MIT",
            "engines": {
                "node": ">=10"
            },
            "funding": {
                "url": "https://github.com/sponsors/sindresorhus"
            }
        },
        "node_modules/zod": {
            "version": "3.23.8",
            "resolved": "https://registry.npmjs.org/zod/-/zod-3.23.8.tgz",
            "integrity": "sha512-XBx9AXhXktjUqnepgTiE5flcKIYWi/rme0Eaj+5Y0lftuGBq+jyRu/md4WnuxqgP1ubdpNCsYEYPxrzVHD8d6g==",
            "dev": true,
            "license": "MIT",
            "funding": {
                "url": "https://github.com/sponsors/colinhacks"
            }
        }
    }
}
